
Microsoft Visual Studio Solution File, Format Version 12.00
# Visual Studio Version 17
VisualStudioVersion = 17.8.34316.72
MinimumVisualStudioVersion = 10.0.40219.1
Project("{9A19103F-16F7-4668-BE54-9A1E7A4F7556}") = "Common", "Common\Common.csproj", "{E15E491A-E872-91D8-DF7A-CA59C792F064}"
EndProject
Project("{9A19103F-16F7-4668-BE54-9A1E7A4F7556}") = "Core", "Core\Core.csproj", "{5ED06CAD-956C-C94D-BC0C-E89E30A887C2}"
EndProject
Project("{9A19103F-16F7-4668-BE54-9A1E7A4F7556}") = "DataBase", "DataBase\DataBase.csproj", "{5D2C7CAA-D63E-7440-65F5-3727EF6D6D5B}"
EndProject
Project("{9A19103F-16F7-4668-BE54-9A1E7A4F7556}") = "Entity", "Entity\Entity.csproj", "{54B15E00-5038-90E9-2F7A-EFF10A915A83}"
EndProject
Project("{9A19103F-16F7-4668-BE54-9A1E7A4F7556}") = "Logger", "Logger\Logger.csproj", "{C000A97B-2D46-7DE7-E934-66D7144D4963}"
EndProject
Project("{9A19103F-16F7-4668-BE54-9A1E7A4F7556}") = "Proxy", "Proxy\Proxy.csproj", "{47B0A6C7-1F50-C268-8CE6-88FF7EC07B01}"
EndProject
Project("{9A19103F-16F7-4668-BE54-9A1E7A4F7556}") = "Server", "Server\Server.csproj", "{3461765F-60A1-21BC-764E-FC799869FE2F}"
EndProject
Project("{9A19103F-16F7-4668-BE54-9A1E7A4F7556}") = "Test", "Test\Test.csproj", "{0A1E64AE-D0ED-E6EE-0445-2888C87C6BF3}"
EndProject
Project("{9A19103F-16F7-4668-BE54-9A1E7A4F7556}") = "Utils", "Utils\Utils.csproj", "{65B858B0-FA7C-8D60-ADB1-EB168B88825D}"
EndProject
Project("{2150E333-8FDC-42A3-9474-1A3956D46DE8}") = "3dObjGenerator", "3dObjGenerator", "{E6B3656B-FFDA-4363-9264-9069C4351D91}"
EndProject
Project("{9A19103F-16F7-4668-BE54-9A1E7A4F7556}") = "StlGenerator", "3dObjGenerator\StlGenerator\StlGenerator.csproj", "{AA61A682-D9FF-4733-AF92-D851B1A0B059}"
EndProject
Project("{9A19103F-16F7-4668-BE54-9A1E7A4F7556}") = "FbxGenerator", "3dObjGenerator\FbxGenerator\FbxGenerator.csproj", "{B4A67081-12AB-4F57-9374-711437262A38}"
EndProject
Project("{9A19103F-16F7-4668-BE54-9A1E7A4F7556}") = "ServerUI", "ServerUI\ServerUI.csproj", "{270F255D-A39C-4C58-B5DC-858FEA5D7EE4}"
EndProject
Project("{9A19103F-16F7-4668-BE54-9A1E7A4F7556}") = "ExamplePlugin", "PluginsList\ExamplePlugin\ExamplePlugin.csproj", "{876717DA-9BD1-41D8-B0E0-A0C78F3F43C6}"
EndProject
Project("{2150E333-8FDC-42A3-9474-1A3956D46DE8}") = "PluginsList", "PluginsList", "{D9246385-76F5-45FE-BDEE-69BBD407ADBB}"
EndProject
Project("{2150E333-8FDC-42A3-9474-1A3956D46DE8}") = "ImageProcess", "ImageProcess", "{B80BE0DB-7EFC-42FB-BC84-0C4EFB5A08DE}"
EndProject
Project("{9A19103F-16F7-4668-BE54-9A1E7A4F7556}") = "AutoFocus", "ImageProcess\AutoFocus\AutoFocus.csproj", "{84D2F341-3BAA-4885-9EC0-270179C6B826}"
EndProject
Project("{FAE04EC0-301F-11D3-BF4B-00C04F79EFBC}") = "NeuralNetwork", "NeuralNetwork\NeuralNetwork.csproj", "{E8ADA403-BA52-479B-BF0A-4A7BDC5BA589}"
EndProject
Global
	GlobalSection(SolutionConfigurationPlatforms) = preSolution
		Debug|Any CPU = Debug|Any CPU
		Debug|x64 = Debug|x64
		Release|Any CPU = Release|Any CPU
		Release|x64 = Release|x64
	EndGlobalSection
	GlobalSection(ProjectConfigurationPlatforms) = postSolution
		{E15E491A-E872-91D8-DF7A-CA59C792F064}.Debug|Any CPU.ActiveCfg = Debug|Any CPU
		{E15E491A-E872-91D8-DF7A-CA59C792F064}.Debug|Any CPU.Build.0 = Debug|Any CPU
		{E15E491A-E872-91D8-DF7A-CA59C792F064}.Debug|x64.ActiveCfg = Debug|x64
		{E15E491A-E872-91D8-DF7A-CA59C792F064}.Debug|x64.Build.0 = Debug|x64
		{E15E491A-E872-91D8-DF7A-CA59C792F064}.Release|Any CPU.ActiveCfg = Release|Any CPU
		{E15E491A-E872-91D8-DF7A-CA59C792F064}.Release|Any CPU.Build.0 = Release|Any CPU
		{E15E491A-E872-91D8-DF7A-CA59C792F064}.Release|x64.ActiveCfg = Release|x64
		{E15E491A-E872-91D8-DF7A-CA59C792F064}.Release|x64.Build.0 = Release|x64
		{5ED06CAD-956C-C94D-BC0C-E89E30A887C2}.Debug|Any CPU.ActiveCfg = Debug|Any CPU
		{5ED06CAD-956C-C94D-BC0C-E89E30A887C2}.Debug|Any CPU.Build.0 = Debug|Any CPU
		{5ED06CAD-956C-C94D-BC0C-E89E30A887C2}.Debug|x64.ActiveCfg = Debug|x64
		{5ED06CAD-956C-C94D-BC0C-E89E30A887C2}.Debug|x64.Build.0 = Debug|x64
		{5ED06CAD-956C-C94D-BC0C-E89E30A887C2}.Release|Any CPU.ActiveCfg = Release|Any CPU
		{5ED06CAD-956C-C94D-BC0C-E89E30A887C2}.Release|Any CPU.Build.0 = Release|Any CPU
		{5ED06CAD-956C-C94D-BC0C-E89E30A887C2}.Release|x64.ActiveCfg = Release|x64
		{5ED06CAD-956C-C94D-BC0C-E89E30A887C2}.Release|x64.Build.0 = Release|x64
		{5D2C7CAA-D63E-7440-65F5-3727EF6D6D5B}.Debug|Any CPU.ActiveCfg = Debug|Any CPU
		{5D2C7CAA-D63E-7440-65F5-3727EF6D6D5B}.Debug|Any CPU.Build.0 = Debug|Any CPU
		{5D2C7CAA-D63E-7440-65F5-3727EF6D6D5B}.Debug|x64.ActiveCfg = Debug|x64
		{5D2C7CAA-D63E-7440-65F5-3727EF6D6D5B}.Debug|x64.Build.0 = Debug|x64
		{5D2C7CAA-D63E-7440-65F5-3727EF6D6D5B}.Release|Any CPU.ActiveCfg = Release|Any CPU
		{5D2C7CAA-D63E-7440-65F5-3727EF6D6D5B}.Release|Any CPU.Build.0 = Release|Any CPU
		{5D2C7CAA-D63E-7440-65F5-3727EF6D6D5B}.Release|x64.ActiveCfg = Release|x64
		{5D2C7CAA-D63E-7440-65F5-3727EF6D6D5B}.Release|x64.Build.0 = Release|x64
		{54B15E00-5038-90E9-2F7A-EFF10A915A83}.Debug|Any CPU.ActiveCfg = Debug|Any CPU
		{54B15E00-5038-90E9-2F7A-EFF10A915A83}.Debug|Any CPU.Build.0 = Debug|Any CPU
		{54B15E00-5038-90E9-2F7A-EFF10A915A83}.Debug|x64.ActiveCfg = Debug|x64
		{54B15E00-5038-90E9-2F7A-EFF10A915A83}.Debug|x64.Build.0 = Debug|x64
		{54B15E00-5038-90E9-2F7A-EFF10A915A83}.Release|Any CPU.ActiveCfg = Release|Any CPU
		{54B15E00-5038-90E9-2F7A-EFF10A915A83}.Release|Any CPU.Build.0 = Release|Any CPU
		{54B15E00-5038-90E9-2F7A-EFF10A915A83}.Release|x64.ActiveCfg = Release|x64
		{54B15E00-5038-90E9-2F7A-EFF10A915A83}.Release|x64.Build.0 = Release|x64
		{C000A97B-2D46-7DE7-E934-66D7144D4963}.Debug|Any CPU.ActiveCfg = Debug|Any CPU
		{C000A97B-2D46-7DE7-E934-66D7144D4963}.Debug|Any CPU.Build.0 = Debug|Any CPU
		{C000A97B-2D46-7DE7-E934-66D7144D4963}.Debug|x64.ActiveCfg = Debug|x64
		{C000A97B-2D46-7DE7-E934-66D7144D4963}.Debug|x64.Build.0 = Debug|x64
		{C000A97B-2D46-7DE7-E934-66D7144D4963}.Release|Any CPU.ActiveCfg = Release|Any CPU
		{C000A97B-2D46-7DE7-E934-66D7144D4963}.Release|Any CPU.Build.0 = Release|Any CPU
		{C000A97B-2D46-7DE7-E934-66D7144D4963}.Release|x64.ActiveCfg = Release|x64
		{C000A97B-2D46-7DE7-E934-66D7144D4963}.Release|x64.Build.0 = Release|x64
		{47B0A6C7-1F50-C268-8CE6-88FF7EC07B01}.Debug|Any CPU.ActiveCfg = Debug|Any CPU
		{47B0A6C7-1F50-C268-8CE6-88FF7EC07B01}.Debug|Any CPU.Build.0 = Debug|Any CPU
		{47B0A6C7-1F50-C268-8CE6-88FF7EC07B01}.Debug|x64.ActiveCfg = Debug|x64
		{47B0A6C7-1F50-C268-8CE6-88FF7EC07B01}.Debug|x64.Build.0 = Debug|x64
		{47B0A6C7-1F50-C268-8CE6-88FF7EC07B01}.Release|Any CPU.ActiveCfg = Release|Any CPU
		{47B0A6C7-1F50-C268-8CE6-88FF7EC07B01}.Release|Any CPU.Build.0 = Release|Any CPU
		{47B0A6C7-1F50-C268-8CE6-88FF7EC07B01}.Release|x64.ActiveCfg = Release|x64
		{47B0A6C7-1F50-C268-8CE6-88FF7EC07B01}.Release|x64.Build.0 = Release|x64
		{3461765F-60A1-21BC-764E-FC799869FE2F}.Debug|Any CPU.ActiveCfg = Debug|Any CPU
		{3461765F-60A1-21BC-764E-FC799869FE2F}.Debug|Any CPU.Build.0 = Debug|Any CPU
		{3461765F-60A1-21BC-764E-FC799869FE2F}.Debug|x64.ActiveCfg = Debug|x64
		{3461765F-60A1-21BC-764E-FC799869FE2F}.Debug|x64.Build.0 = Debug|x64
		{3461765F-60A1-21BC-764E-FC799869FE2F}.Release|Any CPU.ActiveCfg = Release|Any CPU
		{3461765F-60A1-21BC-764E-FC799869FE2F}.Release|Any CPU.Build.0 = Release|Any CPU
		{3461765F-60A1-21BC-764E-FC799869FE2F}.Release|x64.ActiveCfg = Release|x64
		{3461765F-60A1-21BC-764E-FC799869FE2F}.Release|x64.Build.0 = Release|x64
		{0A1E64AE-D0ED-E6EE-0445-2888C87C6BF3}.Debug|Any CPU.ActiveCfg = Debug|Any CPU
		{0A1E64AE-D0ED-E6EE-0445-2888C87C6BF3}.Debug|Any CPU.Build.0 = Debug|Any CPU
		{0A1E64AE-D0ED-E6EE-0445-2888C87C6BF3}.Debug|x64.ActiveCfg = Debug|x64
		{0A1E64AE-D0ED-E6EE-0445-2888C87C6BF3}.Debug|x64.Build.0 = Debug|x64
		{0A1E64AE-D0ED-E6EE-0445-2888C87C6BF3}.Release|Any CPU.ActiveCfg = Release|Any CPU
		{0A1E64AE-D0ED-E6EE-0445-2888C87C6BF3}.Release|Any CPU.Build.0 = Release|Any CPU
		{0A1E64AE-D0ED-E6EE-0445-2888C87C6BF3}.Release|x64.ActiveCfg = Release|x64
		{0A1E64AE-D0ED-E6EE-0445-2888C87C6BF3}.Release|x64.Build.0 = Release|x64
		{65B858B0-FA7C-8D60-ADB1-EB168B88825D}.Debug|Any CPU.ActiveCfg = Debug|Any CPU
		{65B858B0-FA7C-8D60-ADB1-EB168B88825D}.Debug|Any CPU.Build.0 = Debug|Any CPU
		{65B858B0-FA7C-8D60-ADB1-EB168B88825D}.Debug|x64.ActiveCfg = Debug|x64
		{65B858B0-FA7C-8D60-ADB1-EB168B88825D}.Debug|x64.Build.0 = Debug|x64
		{65B858B0-FA7C-8D60-ADB1-EB168B88825D}.Release|Any CPU.ActiveCfg = Release|Any CPU
		{65B858B0-FA7C-8D60-ADB1-EB168B88825D}.Release|Any CPU.Build.0 = Release|Any CPU
		{65B858B0-FA7C-8D60-ADB1-EB168B88825D}.Release|x64.ActiveCfg = Release|x64
		{65B858B0-FA7C-8D60-ADB1-EB168B88825D}.Release|x64.Build.0 = Release|x64
		{AA61A682-D9FF-4733-AF92-D851B1A0B059}.Debug|Any CPU.ActiveCfg = Debug|Any CPU
		{AA61A682-D9FF-4733-AF92-D851B1A0B059}.Debug|Any CPU.Build.0 = Debug|Any CPU
		{AA61A682-D9FF-4733-AF92-D851B1A0B059}.Debug|x64.ActiveCfg = Debug|Any CPU
		{AA61A682-D9FF-4733-AF92-D851B1A0B059}.Debug|x64.Build.0 = Debug|Any CPU
		{AA61A682-D9FF-4733-AF92-D851B1A0B059}.Release|Any CPU.ActiveCfg = Release|Any CPU
		{AA61A682-D9FF-4733-AF92-D851B1A0B059}.Release|Any CPU.Build.0 = Release|Any CPU
		{AA61A682-D9FF-4733-AF92-D851B1A0B059}.Release|x64.ActiveCfg = Release|Any CPU
		{AA61A682-D9FF-4733-AF92-D851B1A0B059}.Release|x64.Build.0 = Release|Any CPU
		{B4A67081-12AB-4F57-9374-711437262A38}.Debug|Any CPU.ActiveCfg = Debug|Any CPU
		{B4A67081-12AB-4F57-9374-711437262A38}.Debug|Any CPU.Build.0 = Debug|Any CPU
		{B4A67081-12AB-4F57-9374-711437262A38}.Debug|x64.ActiveCfg = Debug|Any CPU
		{B4A67081-12AB-4F57-9374-711437262A38}.Debug|x64.Build.0 = Debug|Any CPU
		{B4A67081-12AB-4F57-9374-711437262A38}.Release|Any CPU.ActiveCfg = Release|Any CPU
		{B4A67081-12AB-4F57-9374-711437262A38}.Release|Any CPU.Build.0 = Release|Any CPU
		{B4A67081-12AB-4F57-9374-711437262A38}.Release|x64.ActiveCfg = Release|Any CPU
		{B4A67081-12AB-4F57-9374-711437262A38}.Release|x64.Build.0 = Release|Any CPU
		{270F255D-A39C-4C58-B5DC-858FEA5D7EE4}.Debug|Any CPU.ActiveCfg = Debug|Any CPU
		{270F255D-A39C-4C58-B5DC-858FEA5D7EE4}.Debug|Any CPU.Build.0 = Debug|Any CPU
		{270F255D-A39C-4C58-B5DC-858FEA5D7EE4}.Debug|x64.ActiveCfg = Debug|Any CPU
		{270F255D-A39C-4C58-B5DC-858FEA5D7EE4}.Debug|x64.Build.0 = Debug|Any CPU
		{270F255D-A39C-4C58-B5DC-858FEA5D7EE4}.Release|Any CPU.ActiveCfg = Release|Any CPU
		{270F255D-A39C-4C58-B5DC-858FEA5D7EE4}.Release|Any CPU.Build.0 = Release|Any CPU
		{270F255D-A39C-4C58-B5DC-858FEA5D7EE4}.Release|x64.ActiveCfg = Release|Any CPU
		{270F255D-A39C-4C58-B5DC-858FEA5D7EE4}.Release|x64.Build.0 = Release|Any CPU
		{876717DA-9BD1-41D8-B0E0-A0C78F3F43C6}.Debug|Any CPU.ActiveCfg = Debug|Any CPU
		{876717DA-9BD1-41D8-B0E0-A0C78F3F43C6}.Debug|Any CPU.Build.0 = Debug|Any CPU
		{876717DA-9BD1-41D8-B0E0-A0C78F3F43C6}.Debug|x64.ActiveCfg = Debug|Any CPU
		{876717DA-9BD1-41D8-B0E0-A0C78F3F43C6}.Debug|x64.Build.0 = Debug|Any CPU
		{876717DA-9BD1-41D8-B0E0-A0C78F3F43C6}.Release|Any CPU.ActiveCfg = Release|Any CPU
		{876717DA-9BD1-41D8-B0E0-A0C78F3F43C6}.Release|Any CPU.Build.0 = Release|Any CPU
		{876717DA-9BD1-41D8-B0E0-A0C78F3F43C6}.Release|x64.ActiveCfg = Release|Any CPU
		{876717DA-9BD1-41D8-B0E0-A0C78F3F43C6}.Release|x64.Build.0 = Release|Any CPU
		{84D2F341-3BAA-4885-9EC0-270179C6B826}.Debug|Any CPU.ActiveCfg = Debug|Any CPU
		{84D2F341-3BAA-4885-9EC0-270179C6B826}.Debug|Any CPU.Build.0 = Debug|Any CPU
		{84D2F341-3BAA-4885-9EC0-270179C6B826}.Debug|x64.ActiveCfg = Debug|Any CPU
		{84D2F341-3BAA-4885-9EC0-270179C6B826}.Debug|x64.Build.0 = Debug|Any CPU
		{84D2F341-3BAA-4885-9EC0-270179C6B826}.Release|Any CPU.ActiveCfg = Release|Any CPU
		{84D2F341-3BAA-4885-9EC0-270179C6B826}.Release|Any CPU.Build.0 = Release|Any CPU
		{84D2F341-3BAA-4885-9EC0-270179C6B826}.Release|x64.ActiveCfg = Release|Any CPU
		{84D2F341-3BAA-4885-9EC0-270179C6B826}.Release|x64.Build.0 = Release|Any CPU
		{E8ADA403-BA52-479B-BF0A-4A7BDC5BA589}.Debug|Any CPU.ActiveCfg = Debug|Any CPU
		{E8ADA403-BA52-479B-BF0A-4A7BDC5BA589}.Debug|Any CPU.Build.0 = Debug|Any CPU
		{E8ADA403-BA52-479B-BF0A-4A7BDC5BA589}.Debug|x64.ActiveCfg = Debug|Any CPU
		{E8ADA403-BA52-479B-BF0A-4A7BDC5BA589}.Debug|x64.Build.0 = Debug|Any CPU
		{E8ADA403-BA52-479B-BF0A-4A7BDC5BA589}.Release|Any CPU.ActiveCfg = Release|Any CPU
		{E8ADA403-BA52-479B-BF0A-4A7BDC5BA589}.Release|Any CPU.Build.0 = Release|Any CPU
		{E8ADA403-BA52-479B-BF0A-4A7BDC5BA589}.Release|x64.ActiveCfg = Release|Any CPU
		{E8ADA403-BA52-479B-BF0A-4A7BDC5BA589}.Release|x64.Build.0 = Release|Any CPU
	EndGlobalSection
	GlobalSection(SolutionProperties) = preSolution
		HideSolutionNode = FALSE
	EndGlobalSection
	GlobalSection(NestedProjects) = preSolution
		{AA61A682-D9FF-4733-AF92-D851B1A0B059} = {E6B3656B-FFDA-4363-9264-9069C4351D91}
		{B4A67081-12AB-4F57-9374-711437262A38} = {E6B3656B-FFDA-4363-9264-9069C4351D91}
		{876717DA-9BD1-41D8-B0E0-A0C78F3F43C6} = {D9246385-76F5-45FE-BDEE-69BBD407ADBB}
		{84D2F341-3BAA-4885-9EC0-270179C6B826} = {B80BE0DB-7EFC-42FB-BC84-0C4EFB5A08DE}
	EndGlobalSection
	GlobalSection(ExtensibilityGlobals) = postSolution
		SolutionGuid = {30FE5B5C-114C-4B05-BBCD-6702AAED92E0}
	EndGlobalSection
EndGlobal
